github.com/go-kit/kit v0.7.0 h1:ApufNmWF1H6/wUbAG81hZOHmqwd0zRf8mNfLjYj/064=
github.com/go-kit/kit v0.7.0/go.mod h1:xBxKIO96dXMWWy0MnWVtmwkA9/13aqxPnvrjFYMA2as=
github.com/go-logfmt/logfmt v0.3.0 h1:8HUsc87TaSWLKwrnumgC8/YconD2fJQsRJAsWaPg2ic=
github.com/go-logfmt/logfmt v0.3.0/go.mod h1:Qt1PoO58o5twSAckw1HlFXLmHsOX5/0LbT9GBnD5lWE=
github.com/go-stack/stack v1.8.0 h1:5SgMzNM5HxrEjV0ww2lTmX6E2Izsfxas4+YHWRs3Lsk=
github.com/go-stack/stack v1.8.0/go.mod h1:v0f6uXyyMGvRgIKkXu+yp6POWl0qKG85gN/melR3HDY=
github.com/golang/protobuf v1.2.0 h1:P3YflyNX/ehuJFLhxviNdFxQPkGK5cDcApsge1SqnvM=
github.com/golang/protobuf v1.2.0/go.mod h1:6lQm79b+lXiMfvg/cZm0SGofjICqVBUtrP5yJMmIC1U=
github.com/google/go-querystring v0.0.0-20170111101155-53e6ce116135 h1:zLTLjkaOFEFIOxY5BWLFLwh+cL8vOBW4XJ2aqLE/Tf0=
github.com/google/go-querystring v0.0.0-20170111101155-53e6ce116135/go.mod h1:odCYkC5MyYFN7vkCjXpyrEuKhc/BUO6wN/zVPAxq5ck=
github.com/kr/logfmt v0.0.0-20140226030751-b84e30acd515 h1:T+h1c/A9Gawja4Y9mFVWj2vyii2bbUNDw3kt9VxK2EY=
github.com/kr/logfmt v0.0.0-20140226030751-b84e30acd515/go.mod h1:+0opPa2QZZtGFBFZlji/RkVcI2GknAs/DXo4wKdlNEc=
github.com/nickvanw/ircx v0.0.0-20180308140407-c3e9589d07fa h1:92wzaMah48aQcUVnGsUBe0cZwgXo+iMZO1Irx0XUjz0=
github.com/nickvanw/ircx v0.0.0-20180308140407-c3e9589d07fa/go.mod h1:zb5rb7vP5KbHFpyvRaDpkbjeJ0+lzEea6Oaand3pr84=
github.com/sorcix/irc v1.1.3 h1:+ejCOdjCkSrRrekt+Ap28pa3XH1MwzmNluDu8UylWjY=
github.com/sorcix/irc v1.1.3/go.mod h1:MhzbySH63tDknqfvAAFK3ps/942g4z9EeJ/4lGgHyZc=
github.com/sorcix/irc v1.1.4 h1:KDmVMPPzK4kbf3TQw1RsZAqTsh2JL9Zw69hYduX9Ykw=
github.com/sorcix/irc v1.1.4/go.mod h1:MhzbySH63tDknqfvAAFK3ps/942g4z9EeJ/4lGgHyZc=
github.com/xanzy/go-gitlab v0.11.0 h1:H9exAT9A+VQSkDnoJPxMhC4uJip8kQ8edlVC28gFuOI=
github.com/xanzy/go-gitlab v0.11.0/go.mod h1:CRKHkvFWNU6C3AEfqLWjnCNnAs4nj8Zk95rX2S3X6Mw=
golang.org/x/net v0.0.0-20180826012351-8a410e7b638d h1:g9qWBGx4puODJTMVyoPrpoxPFgVGd+z1DZwjfRu4d0I=
golang.org/x/net v0.0.0-20180826012351-8a410e7b638d/go.mod h1:mL1N/T3taQHkDXs73rZJwtUhF3w3ftmwwsq0BUmARs4=
golang.org/x/oauth2 v0.0.0-20180821212333-d2e6202438be h1:vEDujvNQGv4jgYKudGeI/+DAX4Jffq6hpD55MmoEvKs=
golang.org/x/oauth2 v0.0.0-20180821212333-d2e6202438be/go.mod h1:N/0e6XlmueqKjAGxoOufVs8QHGRruUQn6yWY3a++T0U=
golang.org/x/sync v0.0.0-20180314180146-1d60e4601c6f h1:wMNYb4v58l5UBM7MYRLPG6ZhfOqbKu7X5eyFl8ZhKvA=
golang.org/x/sync v0.0.0-20180314180146-1d60e4601c6f/go.mod h1:RxMgew5VJxzue5/jJTE5uejpjVlOe/izrB70Jof72aM=
google.golang.org/appengine v1.1.0 h1:igQkv0AAhEIvTEpD5LIpAfav2eeVO9HBTjvKHVJPRSs=
google.golang.org/appengine v1.1.0/go.mod h1:EbEs0AVv82hx2wNQdGPgUI5lhzA/G0D9YwlJXL52JkM=
gopkg.in/sorcix/irc.v1 v1.1.3 h1:3M0LCcpz1pD/mOe6NvbxdAMnk6T5MD/YtJ07iRP0Sbo=
gopkg.in/sorcix/irc.v1 v1.1.3/go.mod h1:CHwY3DGuZpB6/OvF+fj4Jlvnj6QeS56EUTDoQkuAePM=
mvdan.cc/xurls/v2 v2.0.0 h1:r1zSOSNS/kqtpmATyMMMvaZ4/djsesbYz5kr0+qMRWc=
mvdan.cc/xurls/v2 v2.0.0/go.mod h1:2/webFPYOXN9jp/lzuj0zuAVlF+9g4KPFJANH1oJhRU=
